
Microsoft Visual Studio Solution File, Format Version 12.00
# Visual Studio 14
VisualStudioVersion = 14.0.25420.1
MinimumVisualStudioVersion = 10.0.40219.1
Project("{FAE04EC0-301F-11D3-BF4B-00C04F79EFBC}") = "CxDashboard.server", "CxDashboard.server\CxDashboard.server.csproj", "{EBA1FF75-FD31-4FA4-8E1A-7A4D6951F723}"
EndProject
Project("{FAE04EC0-301F-11D3-BF4B-00C04F79EFBC}") = "CxDashboard.BL", "CxDashboard.BL\CxDashboard.BL.csproj", "{9DE83608-3963-4B1F-BD1B-E6257766A45E}"
EndProject
Project("{FAE04EC0-301F-11D3-BF4B-00C04F79EFBC}") = "CxDashboard.DAL", "CxDashboard.DAL\CxDashboard.DAL.csproj", "{58D479BD-639E-4868-9070-40C26055B049}"
EndProject
Project("{FAE04EC0-301F-11D3-BF4B-00C04F79EFBC}") = "CxDashboard.Entities", "CxDashboard.Entities\CxDashboard.Entities.csproj", "{B6B8DDB4-4D33-4031-85DE-4C6AEA97DD32}"
EndProject
Global
	GlobalSection(SolutionConfigurationPlatforms) = preSolution
		Debug|Any CPU = Debug|Any CPU
		Release|Any CPU = Release|Any CPU
	EndGlobalSection
	GlobalSection(ProjectConfigurationPlatforms) = postSolution
		{EBA1FF75-FD31-4FA4-8E1A-7A4D6951F723}.Debug|Any CPU.ActiveCfg = Debug|Any CPU
		{EBA1FF75-FD31-4FA4-8E1A-7A4D6951F723}.Debug|Any CPU.Build.0 = Debug|Any CPU
		{EBA1FF75-FD31-4FA4-8E1A-7A4D6951F723}.Release|Any CPU.ActiveCfg = Release|Any CPU
		{EBA1FF75-FD31-4FA4-8E1A-7A4D6951F723}.Release|Any CPU.Build.0 = Release|Any CPU
		{9DE83608-3963-4B1F-BD1B-E6257766A45E}.Debug|Any CPU.ActiveCfg = Debug|Any CPU
		{9DE83608-3963-4B1F-BD1B-E6257766A45E}.Debug|Any CPU.Build.0 = Debug|Any CPU
		{9DE83608-3963-4B1F-BD1B-E6257766A45E}.Release|Any CPU.ActiveCfg = Release|Any CPU
		{9DE83608-3963-4B1F-BD1B-E6257766A45E}.Release|Any CPU.Build.0 = Release|Any CPU
		{58D479BD-639E-4868-9070-40C26055B049}.Debug|Any CPU.ActiveCfg = Debug|Any CPU
		{58D479BD-639E-4868-9070-40C26055B049}.Debug|Any CPU.Build.0 = Debug|Any CPU
		{58D479BD-639E-4868-9070-40C26055B049}.Release|Any CPU.ActiveCfg = Release|Any CPU
		{58D479BD-639E-4868-9070-40C26055B049}.Release|Any CPU.Build.0 = Release|Any CPU
		{B6B8DDB4-4D33-4031-85DE-4C6AEA97DD32}.Debug|Any CPU.ActiveCfg = Debug|Any CPU
		{B6B8DDB4-4D33-4031-85DE-4C6AEA97DD32}.Debug|Any CPU.Build.0 = Debug|Any CPU
		{B6B8DDB4-4D33-4031-85DE-4C6AEA97DD32}.Release|Any CPU.ActiveCfg = Release|Any CPU
		{B6B8DDB4-4D33-4031-85DE-4C6AEA97DD32}.Release|Any CPU.Build.0 = Release|Any CPU
	EndGlobalSection
	GlobalSection(SolutionProperties) = preSolution
		HideSolutionNode = FALSE
	EndGlobalSection
EndGlobal
